
Microsoft Visual Studio Solution File, Format Version 12.00
# Visual Studio Version 17
VisualStudioVersion = 17.11.35431.28
MinimumVisualStudioVersion = 10.0.40219.1
Project("{2150E333-8FDC-42A3-9474-1A3956D46DE8}") = "1-DistributedService", "1-DistributedService", "{DFC41A3C-3753-4F7A-8CF2-5532D32C3DBF}"
EndProject
Project("{2150E333-8FDC-42A3-9474-1A3956D46DE8}") = "2-Library", "2-Library", "{594D0A7A-BD17-43A0-80C4-1FAB2832C055}"
EndProject
Project("{2150E333-8FDC-42A3-9474-1A3956D46DE8}") = "3-Domain", "3-Domain", "{F064B5BB-44A8-4CCA-AF58-B9804951A965}"
EndProject
Project("{2150E333-8FDC-42A3-9474-1A3956D46DE8}") = "4-Infrastructure", "4-Infrastructure", "{8D18C7FE-F273-4882-AF1C-2B731CD5694B}"
EndProject
Project("{2150E333-8FDC-42A3-9474-1A3956D46DE8}") = "5-XCutting", "5-XCutting", "{4502EFF7-7F7F-42C3-A0DA-2DF1B65061C3}"
EndProject
Project("{2150E333-8FDC-42A3-9474-1A3956D46DE8}") = "6-Testing", "6-Testing", "{A3F04A92-E6F2-499D-8AE0-870F0F559136}"
EndProject
Project("{9A19103F-16F7-4668-BE54-9A1E7A4F7556}") = "SWVUEL.DistributedService.WebApi", "SWVUEL.DistributedService.WebApi\SWVUEL.DistributedService.WebApi.csproj", "{7F4B740E-043A-48D5-BB78-BF5DB2D69D53}"
EndProject
Project("{9A19103F-16F7-4668-BE54-9A1E7A4F7556}") = "SWVUEL.Library.Contracts", "SWVUEL.Library.Contracts\SWVUEL.Library.Contracts.csproj", "{1031D189-0A66-49E8-B94E-AF0129D59E18}"
EndProject
Project("{9A19103F-16F7-4668-BE54-9A1E7A4F7556}") = "SWVUEL.Library.Impl", "SWVUEL.Library.Impl\SWVUEL.Library.Impl.csproj", "{7614A991-35FF-4D43-9FBB-0097819BBFE0}"
EndProject
Project("{9A19103F-16F7-4668-BE54-9A1E7A4F7556}") = "SWVUEL.Domain.Models", "SWVUEL.Domain.Models\SWVUEL.Domain.Models.csproj", "{B677F778-5280-4FF6-BE62-EF9A2ECA7E79}"
EndProject
Project("{9A19103F-16F7-4668-BE54-9A1E7A4F7556}") = "SWVUEL.Infrastructure.Contracts", "SWVUEL.Infrastructure.Contracts\SWVUEL.Infrastructure.Contracts.csproj", "{C375C5D0-D4D2-40BA-AE75-A81B6830817E}"
EndProject
Project("{9A19103F-16F7-4668-BE54-9A1E7A4F7556}") = "SWVUEL.Infrastructure.Impl", "SWVUEL.Infrastructure.Impl\SWVUEL.Infrastructure.Impl.csproj", "{024ACC4F-33B7-4D62-964B-3A277E68D84D}"
EndProject
Project("{9A19103F-16F7-4668-BE54-9A1E7A4F7556}") = "SWVUEL.XCutting.Enums", "SWVUEL.XCutting.Enums\SWVUEL.XCutting.Enums.csproj", "{230A57FD-C1AB-42FE-81A7-46F26DB22992}"
EndProject
Project("{FAE04EC0-301F-11D3-BF4B-00C04F79EFBC}") = "SWVUEL.Testing.UnitTest", "SWVUEL.Testing.UnitTest\SWVUEL.Testing.UnitTest.csproj", "{EDF39E95-00D9-4564-A773-096A52EBD32B}"
EndProject
Global
	GlobalSection(SolutionConfigurationPlatforms) = preSolution
		Debug|Any CPU = Debug|Any CPU
		Release|Any CPU = Release|Any CPU
	EndGlobalSection
	GlobalSection(ProjectConfigurationPlatforms) = postSolution
		{7F4B740E-043A-48D5-BB78-BF5DB2D69D53}.Debug|Any CPU.ActiveCfg = Debug|Any CPU
		{7F4B740E-043A-48D5-BB78-BF5DB2D69D53}.Debug|Any CPU.Build.0 = Debug|Any CPU
		{7F4B740E-043A-48D5-BB78-BF5DB2D69D53}.Release|Any CPU.ActiveCfg = Release|Any CPU
		{7F4B740E-043A-48D5-BB78-BF5DB2D69D53}.Release|Any CPU.Build.0 = Release|Any CPU
		{1031D189-0A66-49E8-B94E-AF0129D59E18}.Debug|Any CPU.ActiveCfg = Debug|Any CPU
		{1031D189-0A66-49E8-B94E-AF0129D59E18}.Debug|Any CPU.Build.0 = Debug|Any CPU
		{1031D189-0A66-49E8-B94E-AF0129D59E18}.Release|Any CPU.ActiveCfg = Release|Any CPU
		{1031D189-0A66-49E8-B94E-AF0129D59E18}.Release|Any CPU.Build.0 = Release|Any CPU
		{7614A991-35FF-4D43-9FBB-0097819BBFE0}.Debug|Any CPU.ActiveCfg = Debug|Any CPU
		{7614A991-35FF-4D43-9FBB-0097819BBFE0}.Debug|Any CPU.Build.0 = Debug|Any CPU
		{7614A991-35FF-4D43-9FBB-0097819BBFE0}.Release|Any CPU.ActiveCfg = Release|Any CPU
		{7614A991-35FF-4D43-9FBB-0097819BBFE0}.Release|Any CPU.Build.0 = Release|Any CPU
		{B677F778-5280-4FF6-BE62-EF9A2ECA7E79}.Debug|Any CPU.ActiveCfg = Debug|Any CPU
		{B677F778-5280-4FF6-BE62-EF9A2ECA7E79}.Debug|Any CPU.Build.0 = Debug|Any CPU
		{B677F778-5280-4FF6-BE62-EF9A2ECA7E79}.Release|Any CPU.ActiveCfg = Release|Any CPU
		{B677F778-5280-4FF6-BE62-EF9A2ECA7E79}.Release|Any CPU.Build.0 = Release|Any CPU
		{C375C5D0-D4D2-40BA-AE75-A81B6830817E}.Debug|Any CPU.ActiveCfg = Debug|Any CPU
		{C375C5D0-D4D2-40BA-AE75-A81B6830817E}.Debug|Any CPU.Build.0 = Debug|Any CPU
		{C375C5D0-D4D2-40BA-AE75-A81B6830817E}.Release|Any CPU.ActiveCfg = Release|Any CPU
		{C375C5D0-D4D2-40BA-AE75-A81B6830817E}.Release|Any CPU.Build.0 = Release|Any CPU
		{024ACC4F-33B7-4D62-964B-3A277E68D84D}.Debug|Any CPU.ActiveCfg = Debug|Any CPU
		{024ACC4F-33B7-4D62-964B-3A277E68D84D}.Debug|Any CPU.Build.0 = Debug|Any CPU
		{024ACC4F-33B7-4D62-964B-3A277E68D84D}.Release|Any CPU.ActiveCfg = Release|Any CPU
		{024ACC4F-33B7-4D62-964B-3A277E68D84D}.Release|Any CPU.Build.0 = Release|Any CPU
		{230A57FD-C1AB-42FE-81A7-46F26DB22992}.Debug|Any CPU.ActiveCfg = Debug|Any CPU
		{230A57FD-C1AB-42FE-81A7-46F26DB22992}.Debug|Any CPU.Build.0 = Debug|Any CPU
		{230A57FD-C1AB-42FE-81A7-46F26DB22992}.Release|Any CPU.ActiveCfg = Release|Any CPU
		{230A57FD-C1AB-42FE-81A7-46F26DB22992}.Release|Any CPU.Build.0 = Release|Any CPU
		{EDF39E95-00D9-4564-A773-096A52EBD32B}.Debug|Any CPU.ActiveCfg = Debug|Any CPU
		{EDF39E95-00D9-4564-A773-096A52EBD32B}.Debug|Any CPU.Build.0 = Debug|Any CPU
		{EDF39E95-00D9-4564-A773-096A52EBD32B}.Release|Any CPU.ActiveCfg = Release|Any CPU
		{EDF39E95-00D9-4564-A773-096A52EBD32B}.Release|Any CPU.Build.0 = Release|Any CPU
	EndGlobalSection
	GlobalSection(SolutionProperties) = preSolution
		HideSolutionNode = FALSE
	EndGlobalSection
	GlobalSection(NestedProjects) = preSolution
		{7F4B740E-043A-48D5-BB78-BF5DB2D69D53} = {DFC41A3C-3753-4F7A-8CF2-5532D32C3DBF}
		{1031D189-0A66-49E8-B94E-AF0129D59E18} = {594D0A7A-BD17-43A0-80C4-1FAB2832C055}
		{7614A991-35FF-4D43-9FBB-0097819BBFE0} = {594D0A7A-BD17-43A0-80C4-1FAB2832C055}
		{B677F778-5280-4FF6-BE62-EF9A2ECA7E79} = {F064B5BB-44A8-4CCA-AF58-B9804951A965}
		{C375C5D0-D4D2-40BA-AE75-A81B6830817E} = {8D18C7FE-F273-4882-AF1C-2B731CD5694B}
		{024ACC4F-33B7-4D62-964B-3A277E68D84D} = {8D18C7FE-F273-4882-AF1C-2B731CD5694B}
		{230A57FD-C1AB-42FE-81A7-46F26DB22992} = {4502EFF7-7F7F-42C3-A0DA-2DF1B65061C3}
		{EDF39E95-00D9-4564-A773-096A52EBD32B} = {A3F04A92-E6F2-499D-8AE0-870F0F559136}
	EndGlobalSection
	GlobalSection(ExtensibilityGlobals) = postSolution
		SolutionGuid = {D1B141C9-4A5D-45BD-8ED0-56DDB3798F09}
	EndGlobalSection
EndGlobal
